
Microsoft Visual Studio Solution File, Format Version 12.00
Project("{2150E333-8FDC-42A3-9474-1A3956D46DE8}") = "src", "src", "{67A20346-5238-46F5-97BB-CAA3957DE788}"
EndProject
Project("{FAE04EC0-301F-11D3-BF4B-00C04F79EFBC}") = "MRA.Identity.Domain", "src\MRA.Identity.Domain\MRA.Identity.Domain.csproj", "{F887BA5C-D380-4F7E-8127-A034594FF041}"
EndProject
Project("{FAE04EC0-301F-11D3-BF4B-00C04F79EFBC}") = "MRA.Identity.Application", "src\MRA.Identity.Application\MRA.Identity.Application.csproj", "{7927180F-A341-43D4-9711-1A91694C1CFB}"
EndProject
Project("{FAE04EC0-301F-11D3-BF4B-00C04F79EFBC}") = "MRA.Identity.Application.Contract", "src\MRA.Identity.Application.Contract\MRA.Identity.Application.Contract.csproj", "{1B6B2FC3-BE37-455E-B1E6-4C89C826BC49}"
EndProject
Project("{FAE04EC0-301F-11D3-BF4B-00C04F79EFBC}") = "MRA.Identity.Infrastructure", "src\MRA.Identity.Infrastructure\MRA.Identity.Infrastructure.csproj", "{EBE7E14B-C2B6-4C29-9BEC-D3043CFBE086}"
EndProject
Project("{FAE04EC0-301F-11D3-BF4B-00C04F79EFBC}") = "MRA.Identity.Api", "src\MRA.Identity.Api\MRA.Identity.Api.csproj", "{64A09638-3DAE-4433-B310-C9ECAD970E25}"
EndProject
Project("{2150E333-8FDC-42A3-9474-1A3956D46DE8}") = "Tests", "Tests", "{30810BAB-4340-4CCB-8CEC-0A3CA7D27C26}"
EndProject
Project("{2150E333-8FDC-42A3-9474-1A3956D46DE8}") = "Identity", "Identity", "{70A5B3E9-FD59-4DEB-BC9C-39C1AFF6DBF1}"
EndProject
Project("{FAE04EC0-301F-11D3-BF4B-00C04F79EFBC}") = "Application.IntegrationTest", "Tests\Identity\Application.IntegrationTest.csproj", "{000742ED-9845-49E8-A3B4-349371C9479D}"
EndProject
Global
	GlobalSection(SolutionConfigurationPlatforms) = preSolution
		Debug|Any CPU = Debug|Any CPU
		Release|Any CPU = Release|Any CPU
	EndGlobalSection
	GlobalSection(ProjectConfigurationPlatforms) = postSolution
		{F887BA5C-D380-4F7E-8127-A034594FF041}.Debug|Any CPU.ActiveCfg = Debug|Any CPU
		{F887BA5C-D380-4F7E-8127-A034594FF041}.Debug|Any CPU.Build.0 = Debug|Any CPU
		{F887BA5C-D380-4F7E-8127-A034594FF041}.Release|Any CPU.ActiveCfg = Release|Any CPU
		{F887BA5C-D380-4F7E-8127-A034594FF041}.Release|Any CPU.Build.0 = Release|Any CPU
		{7927180F-A341-43D4-9711-1A91694C1CFB}.Debug|Any CPU.ActiveCfg = Debug|Any CPU
		{7927180F-A341-43D4-9711-1A91694C1CFB}.Debug|Any CPU.Build.0 = Debug|Any CPU
		{7927180F-A341-43D4-9711-1A91694C1CFB}.Release|Any CPU.ActiveCfg = Release|Any CPU
		{7927180F-A341-43D4-9711-1A91694C1CFB}.Release|Any CPU.Build.0 = Release|Any CPU
		{1B6B2FC3-BE37-455E-B1E6-4C89C826BC49}.Debug|Any CPU.ActiveCfg = Debug|Any CPU
		{1B6B2FC3-BE37-455E-B1E6-4C89C826BC49}.Debug|Any CPU.Build.0 = Debug|Any CPU
		{1B6B2FC3-BE37-455E-B1E6-4C89C826BC49}.Release|Any CPU.ActiveCfg = Release|Any CPU
		{1B6B2FC3-BE37-455E-B1E6-4C89C826BC49}.Release|Any CPU.Build.0 = Release|Any CPU
		{EBE7E14B-C2B6-4C29-9BEC-D3043CFBE086}.Debug|Any CPU.ActiveCfg = Debug|Any CPU
		{EBE7E14B-C2B6-4C29-9BEC-D3043CFBE086}.Debug|Any CPU.Build.0 = Debug|Any CPU
		{EBE7E14B-C2B6-4C29-9BEC-D3043CFBE086}.Release|Any CPU.ActiveCfg = Release|Any CPU
		{EBE7E14B-C2B6-4C29-9BEC-D3043CFBE086}.Release|Any CPU.Build.0 = Release|Any CPU
		{64A09638-3DAE-4433-B310-C9ECAD970E25}.Debug|Any CPU.ActiveCfg = Debug|Any CPU
		{64A09638-3DAE-4433-B310-C9ECAD970E25}.Debug|Any CPU.Build.0 = Debug|Any CPU
		{64A09638-3DAE-4433-B310-C9ECAD970E25}.Release|Any CPU.ActiveCfg = Release|Any CPU
		{64A09638-3DAE-4433-B310-C9ECAD970E25}.Release|Any CPU.Build.0 = Release|Any CPU
		{000742ED-9845-49E8-A3B4-349371C9479D}.Debug|Any CPU.ActiveCfg = Debug|Any CPU
		{000742ED-9845-49E8-A3B4-349371C9479D}.Debug|Any CPU.Build.0 = Debug|Any CPU
		{000742ED-9845-49E8-A3B4-349371C9479D}.Release|Any CPU.ActiveCfg = Release|Any CPU
		{000742ED-9845-49E8-A3B4-349371C9479D}.Release|Any CPU.Build.0 = Release|Any CPU
	EndGlobalSection
	GlobalSection(NestedProjects) = preSolution
		{F887BA5C-D380-4F7E-8127-A034594FF041} = {67A20346-5238-46F5-97BB-CAA3957DE788}
		{7927180F-A341-43D4-9711-1A91694C1CFB} = {67A20346-5238-46F5-97BB-CAA3957DE788}
		{1B6B2FC3-BE37-455E-B1E6-4C89C826BC49} = {67A20346-5238-46F5-97BB-CAA3957DE788}
		{EBE7E14B-C2B6-4C29-9BEC-D3043CFBE086} = {67A20346-5238-46F5-97BB-CAA3957DE788}
		{64A09638-3DAE-4433-B310-C9ECAD970E25} = {67A20346-5238-46F5-97BB-CAA3957DE788}
		{70A5B3E9-FD59-4DEB-BC9C-39C1AFF6DBF1} = {30810BAB-4340-4CCB-8CEC-0A3CA7D27C26}
		{000742ED-9845-49E8-A3B4-349371C9479D} = {70A5B3E9-FD59-4DEB-BC9C-39C1AFF6DBF1}
	EndGlobalSection
EndGlobal
